PODS:
  - FLAnimatedImage (1.0.12)
  - MobilePlayer (1.2.0)
  - RCMarkdownParser (4.0.0)
  - ReachabilitySwift (4.1.0)
  - Realm (3.7.5):
    - Realm/Headers (= 3.7.5)
  - Realm/Headers (3.7.5)
  - RealmSwift (3.7.5):
    - Realm (= 3.7.5)
  - SDWebImage (4.4.2):
    - SDWebImage/Core (= 4.4.2)
  - SDWebImage/Core (4.4.2)
  - SDWebImage/GIF (4.4.2):
    - FLAnimatedImage (~> 1.0)
    - SDWebImage/Core
  - SimpleImageViewer (1.2.0):
    - FLAnimatedImage
  - SlackTextViewController (1.9.6)
  - Starscream (3.0.5)
  - SwiftyJSON (4.1.0)

DEPENDENCIES:
  - MobilePlayer (from `https://github.com/CocoaBob/mobileplayer-ios.git`, commit `3f2d70ee1f6aeb1d1948ff360a150f2bfef6f013`)
  - RCMarkdownParser (from `https://github.com/CocoaBob/RCMarkdownParser.git`, commit `de5fb68a498259d53ceab6dc729a5a30770fef14`, branch `chore/swift-4`)
  - ReachabilitySwift
  - RealmSwift
  - SDWebImage (~> 4)
  - SDWebImage/GIF
  - SimpleImageViewer (from `https://github.com/CocoaBob/SimpleImageViewer.git`, commit `b204125b9bb39949c380fd3bcc756312d2680d36`)
  - SlackTextViewController (from `https://github.com/CocoaBob/SlackTextViewController.git`, commit `4542e7e2f545b92724954e4276fde9a672f63d92`)
  - Starscream
  - SwiftyJSON

EXTERNAL SOURCES:
  MobilePlayer:
    :commit: 3f2d70ee1f6aeb1d1948ff360a150f2bfef6f013
    :git: https://github.com/CocoaBob/mobileplayer-ios.git
  RCMarkdownParser:
    :branch: chore/swift-4
    :commit: de5fb68a498259d53ceab6dc729a5a30770fef14
    :git: https://github.com/CocoaBob/RCMarkdownParser.git
  SimpleImageViewer:
    :commit: b204125b9bb39949c380fd3bcc756312d2680d36
    :git: https://github.com/CocoaBob/SimpleImageViewer.git
  SlackTextViewController:
    :commit: 4542e7e2f545b92724954e4276fde9a672f63d92
    :git: https://github.com/CocoaBob/SlackTextViewController.git

CHECKOUT OPTIONS:
  MobilePlayer:
    :commit: 3f2d70ee1f6aeb1d1948ff360a150f2bfef6f013
    :git: https://github.com/CocoaBob/mobileplayer-ios.git
  RCMarkdownParser:
    :commit: de5fb68a498259d53ceab6dc729a5a30770fef14
    :git: https://github.com/CocoaBob/RCMarkdownParser.git
  SimpleImageViewer:
    :commit: b204125b9bb39949c380fd3bcc756312d2680d36
    :git: https://github.com/CocoaBob/SimpleImageViewer.git
  SlackTextViewController:
    :commit: 4542e7e2f545b92724954e4276fde9a672f63d92
    :git: https://github.com/CocoaBob/SlackTextViewController.git

SPEC CHECKSUMS:
  FLAnimatedImage: 4a0b56255d9b05f18b6dd7ee06871be5d3b89e31
  MobilePlayer: 069b13482499f14c25b6ce53f63a91e17975b073
  RCMarkdownParser: 34268965f1b2634d62ee202aff070e87f939901e
  ReachabilitySwift: 6849231cd4e06559f3b9ef4a97a0a0f96d41e09f
  Realm: c286caf4dbf346ce24aad49ca76c7ce622d4a082
  RealmSwift: 2a9281e37d6de55f66f76254d49d28aeb1b729e4
  SDWebImage: 624d6e296c69b244bcede364c72ae0430ac14681
  SimpleImageViewer: 6ed0d2acf7c166a5b4e795bccc7b9ea1b225ff9b
  SlackTextViewController: 60b22ce801e9531e50185d649839a0719fa5d2b7
  Starscream: faf918b2f2eff7d5dd21180646bf015a669673bd
  SwiftyJSON: c29297daf073d2aa016295d5809cdd68045c39b3

PODFILE CHECKSUM: 034a66f3b28c52e40a639011bfb7e2d33f4ec8c0

COCOAPODS: 1.4.0
